
Microsoft Visual Studio Solution File, Format Version 12.00
# Visual Studio Version 17
VisualStudioVersion = 17.9.34607.119
MinimumVisualStudioVersion = 10.0.40219.1
Project("{9A19103F-16F7-4668-BE54-9A1E7A4F7556}") = "PruebaDefontana", "PruebaDefontana\PruebaDefontana.csproj", "{ED22887D-5FBF-4569-BEDC-8804528CADF4}"
EndProject
Project("{9A19103F-16F7-4668-BE54-9A1E7A4F7556}") = "PruebaDefontana.Domain", "PruebaDefontana.Entities\PruebaDefontana.Domain.csproj", "{B4D82EDB-80A8-4675-9751-3CD35A1C1584}"
EndProject
Project("{9A19103F-16F7-4668-BE54-9A1E7A4F7556}") = "PruebaDefontana.Infraestructure", "PruebaDefontana.Context\PruebaDefontana.Infraestructure.csproj", "{30EA22A8-85EA-4394-848B-729297DC4BF2}"
EndProject
Project("{FAE04EC0-301F-11D3-BF4B-00C04F79EFBC}") = "PruebaDefontana.Application", "PruebaDefontana.Application\PruebaDefontana.Application.csproj", "{6F793340-D584-402C-BE91-B68E3D2DD1A5}"
EndProject
Global
	GlobalSection(SolutionConfigurationPlatforms) = preSolution
		Debug|Any CPU = Debug|Any CPU
		Release|Any CPU = Release|Any CPU
	EndGlobalSection
	GlobalSection(ProjectConfigurationPlatforms) = postSolution
		{ED22887D-5FBF-4569-BEDC-8804528CADF4}.Debug|Any CPU.ActiveCfg = Debug|Any CPU
		{ED22887D-5FBF-4569-BEDC-8804528CADF4}.Debug|Any CPU.Build.0 = Debug|Any CPU
		{ED22887D-5FBF-4569-BEDC-8804528CADF4}.Release|Any CPU.ActiveCfg = Release|Any CPU
		{ED22887D-5FBF-4569-BEDC-8804528CADF4}.Release|Any CPU.Build.0 = Release|Any CPU
		{B4D82EDB-80A8-4675-9751-3CD35A1C1584}.Debug|Any CPU.ActiveCfg = Debug|Any CPU
		{B4D82EDB-80A8-4675-9751-3CD35A1C1584}.Debug|Any CPU.Build.0 = Debug|Any CPU
		{B4D82EDB-80A8-4675-9751-3CD35A1C1584}.Release|Any CPU.ActiveCfg = Release|Any CPU
		{B4D82EDB-80A8-4675-9751-3CD35A1C1584}.Release|Any CPU.Build.0 = Release|Any CPU
		{30EA22A8-85EA-4394-848B-729297DC4BF2}.Debug|Any CPU.ActiveCfg = Debug|Any CPU
		{30EA22A8-85EA-4394-848B-729297DC4BF2}.Debug|Any CPU.Build.0 = Debug|Any CPU
		{30EA22A8-85EA-4394-848B-729297DC4BF2}.Release|Any CPU.ActiveCfg = Release|Any CPU
		{30EA22A8-85EA-4394-848B-729297DC4BF2}.Release|Any CPU.Build.0 = Release|Any CPU
		{6F793340-D584-402C-BE91-B68E3D2DD1A5}.Debug|Any CPU.ActiveCfg = Debug|Any CPU
		{6F793340-D584-402C-BE91-B68E3D2DD1A5}.Debug|Any CPU.Build.0 = Debug|Any CPU
		{6F793340-D584-402C-BE91-B68E3D2DD1A5}.Release|Any CPU.ActiveCfg = Release|Any CPU
		{6F793340-D584-402C-BE91-B68E3D2DD1A5}.Release|Any CPU.Build.0 = Release|Any CPU
	EndGlobalSection
	GlobalSection(SolutionProperties) = preSolution
		HideSolutionNode = FALSE
	EndGlobalSection
	GlobalSection(ExtensibilityGlobals) = postSolution
		SolutionGuid = {5A21693B-F0B6-4C3C-B732-8AC4031985B0}
	EndGlobalSection
EndGlobal
